{
  "lockfile_version": "1",
  "packages": {
    "github:NixOS/nixpkgs/nixpkgs-unstable": {
      "last_modified": "2025-05-12T14:38:58Z",
      "resolved": "github:NixOS/nixpkgs/eaeed9530c76ce5f1d2d8232e08bec5e26f18ec1?lastModified=1747060738&narHash=sha256-ByfPRQuqj%2BnhtVV0koinEpmJw0KLzNbgcgi9EF%2BNVow%3D"
    },
    "gnumake@latest": {
      "last_modified": "2025-04-17T05:47:26Z",
      "resolved": "github:NixOS/nixpkgs/ebe4301cbd8f81c4f8d3244b3632338bbeb6d49c#gnumake",
      "source": "devbox-search",
      "version": "4.4.1",
      "systems": {
        "aarch64-darwin": {
          "outputs": [
            {
              "name": "out",
              "path": "/nix/store/shwsndmpjz2nc236q64cl89rhn6rgy1r-gnumake-4.4.1",
              "default": true
            },
            {
              "name": "man",
              "path": "/nix/store/s1790sv4yjsdfk9lgsnbxir78f6a6yhq-gnumake-4.4.1-man",
              "default": true
            },
            {
              "name": "info",
              "path": "/nix/store/268bwy8k7q2inj2iq3q7g257jgyf0khl-gnumake-4.4.1-info"
            }
          ],
          "store_path": "/nix/store/shwsndmpjz2nc236q64cl89rhn6rgy1r-gnumake-4.4.1"
        },
        "aarch64-linux": {
          "outputs": [
            {
              "name": "out",
              "path": "/nix/store/1ymabcqmdrmjv0ismhkq94vydbkjym8a-gnumake-4.4.1",
              "default": true
            },
            {
              "name": "man",
              "path": "/nix/store/zl18hzc1qhzw0k6lpdb20f11llmjkk0p-gnumake-4.4.1-man",
              "default": true
            },
            {
              "name": "debug",
              "path": "/nix/store/49fma8wis2nn3nfbl0r100bjc0cn7xrr-gnumake-4.4.1-debug"
            },
            {
              "name": "info",
              "path": "/nix/store/b0bxdnmhcm5almpxysyygn3jm1j8505h-gnumake-4.4.1-info"
            }
          ],
          "store_path": "/nix/store/1ymabcqmdrmjv0ismhkq94vydbkjym8a-gnumake-4.4.1"
        },
        "x86_64-darwin": {
          "outputs": [
            {
              "name": "out",
              "path": "/nix/store/i8vw2xmxranfx28avdh52xxsh1c8fdz0-gnumake-4.4.1",
              "default": true
            },
            {
              "name": "man",
              "path": "/nix/store/43jrph58b42a21v8ly0hksxy86qq1wcq-gnumake-4.4.1-man",
              "default": true
            },
            {
              "name": "info",
              "path": "/nix/store/hsnvjfnmmjvnlwiixwxivvvvr2wkn6cn-gnumake-4.4.1-info"
            }
          ],
          "store_path": "/nix/store/i8vw2xmxranfx28avdh52xxsh1c8fdz0-gnumake-4.4.1"
        },
        "x86_64-linux": {
          "outputs": [
            {
              "name": "out",
              "path": "/nix/store/b06mfnanzy612jb0l1w410j2swyh7z3z-gnumake-4.4.1",
              "default": true
            },
            {
              "name": "man",
              "path": "/nix/store/99caf3j4qx34sjrgqv26prl8hjw5l619-gnumake-4.4.1-man",
              "default": true
            },
            {
              "name": "debug",
              "path": "/nix/store/yaf21q6z4814x6chqbzd2pd1nj3l41mj-gnumake-4.4.1-debug"
            },
            {
              "name": "info",
              "path": "/nix/store/40is9bzwymg67dvgk50r3xfkc80q6xnv-gnumake-4.4.1-info"
            }
          ],
          "store_path": "/nix/store/b06mfnanzy612jb0l1w410j2swyh7z3z-gnumake-4.4.1"
        }
      }
    },
    "libvirt@latest": {
      "last_modified": "2025-04-17T05:47:26Z",
      "resolved": "github:NixOS/nixpkgs/ebe4301cbd8f81c4f8d3244b3632338bbeb6d49c#libvirt",
      "source": "devbox-search",
      "version": "11.0.0",
      "systems": {
        "aarch64-darwin": {
          "outputs": [
            {
              "name": "out",
              "path": "/nix/store/z3cb74r6wp7qcrgg88g9ivcdwzriqswy-libvirt-11.0.0",
              "default": true
            }
          ],
          "store_path": "/nix/store/z3cb74r6wp7qcrgg88g9ivcdwzriqswy-libvirt-11.0.0"
        },
        "aarch64-linux": {
          "outputs": [
            {
              "name": "out",
              "path": "/nix/store/lvnb6zc9jrlqxwlc92z43rhsjwxg4iml-libvirt-11.0.0",
              "default": true
            }
          ],
          "store_path": "/nix/store/lvnb6zc9jrlqxwlc92z43rhsjwxg4iml-libvirt-11.0.0"
        },
        "x86_64-darwin": {
          "outputs": [
            {
              "name": "out",
              "path": "/nix/store/2bwlv983pmfy9s84rifglrmxp4a7q5r9-libvirt-11.0.0",
              "default": true
            }
          ],
          "store_path": "/nix/store/2bwlv983pmfy9s84rifglrmxp4a7q5r9-libvirt-11.0.0"
        },
        "x86_64-linux": {
          "outputs": [
            {
              "name": "out",
              "path": "/nix/store/h4qn4jr70sngxkd3qhr42pxqcr3qa16c-libvirt-11.0.0",
              "default": true
            }
          ],
          "store_path": "/nix/store/h4qn4jr70sngxkd3qhr42pxqcr3qa16c-libvirt-11.0.0"
        }
      }
    },
    "poetry@latest": {
      "last_modified": "2025-05-04T04:25:16Z",
      "plugin_version": "0.0.4",
      "resolved": "github:NixOS/nixpkgs/6b1c028bce9c89e9824cde040d6986d428296055#poetry",
      "source": "devbox-search",
      "version": "2.1.2",
      "systems": {
        "aarch64-darwin": {
          "outputs": [
            {
              "name": "out",
              "path": "/nix/store/h31hml80ar2brl5c8gcgqfk9zi4c0q1n-python3.12-poetry-2.1.2",
              "default": true
            },
            {
              "name": "dist",
              "path": "/nix/store/9cy3rigr95dcsjb8qyymjjjcdzyqyvpp-python3.12-poetry-2.1.2-dist"
            }
          ],
          "store_path": "/nix/store/h31hml80ar2brl5c8gcgqfk9zi4c0q1n-python3.12-poetry-2.1.2"
        },
        "aarch64-linux": {
          "outputs": [
            {
              "name": "out",
              "path": "/nix/store/pignydadpij4fql1pbig2yxhhsvlj2gy-python3.12-poetry-2.1.2",
              "default": true
            },
            {
              "name": "dist",
              "path": "/nix/store/ynsndjvqjxb3xp8pji8fca86y474f65b-python3.12-poetry-2.1.2-dist"
            }
          ],
          "store_path": "/nix/store/pignydadpij4fql1pbig2yxhhsvlj2gy-python3.12-poetry-2.1.2"
        },
        "x86_64-darwin": {
          "outputs": [
            {
              "name": "out",
              "path": "/nix/store/403jsbwnlljxvnhfx2clm8vfsi7qfnsl-python3.12-poetry-2.1.2",
              "default": true
            },
            {
              "name": "dist",
              "path": "/nix/store/djs2b0jjk8z0hszqignn6jws1w62kxbr-python3.12-poetry-2.1.2-dist"
            }
          ],
          "store_path": "/nix/store/403jsbwnlljxvnhfx2clm8vfsi7qfnsl-python3.12-poetry-2.1.2"
        },
        "x86_64-linux": {
          "outputs": [
            {
              "name": "out",
              "path": "/nix/store/i7h0r4r3ml91dn4m7wzr5h63c4cp9lq7-python3.12-poetry-2.1.2",
              "default": true
            },
            {
              "name": "dist",
              "path": "/nix/store/91ca1k5db9m714rk5ppzmpcbqrc537az-python3.12-poetry-2.1.2-dist"
            }
          ],
          "store_path": "/nix/store/i7h0r4r3ml91dn4m7wzr5h63c4cp9lq7-python3.12-poetry-2.1.2"
        }
      }
    },
    "poetryPlugins.poetry-plugin-export@latest": {
      "last_modified": "2025-05-04T04:25:16Z",
      "resolved": "github:NixOS/nixpkgs/6b1c028bce9c89e9824cde040d6986d428296055#poetryPlugins.poetry-plugin-export",
      "source": "devbox-search",
      "version": "1.9.0",
      "systems": {
        "aarch64-darwin": {
          "outputs": [
            {
              "name": "out",
              "path": "/nix/store/v9y97z5xcl4j02wnlpjnfylrp8dn92gz-python3.12-poetry-plugin-export-1.9.0",
              "default": true
            },
            {
              "name": "dist",
              "path": "/nix/store/ac6x6jhfbr4hdpq48v3ysx0ipr8lqff3-python3.12-poetry-plugin-export-1.9.0-dist"
            }
          ],
          "store_path": "/nix/store/v9y97z5xcl4j02wnlpjnfylrp8dn92gz-python3.12-poetry-plugin-export-1.9.0"
        },
        "aarch64-linux": {
          "outputs": [
            {
              "name": "out",
              "path": "/nix/store/m8agg7cby26c7nm5ialsffqc997xl874-python3.12-poetry-plugin-export-1.9.0",
              "default": true
            },
            {
              "name": "dist",
              "path": "/nix/store/q7wq9sk718hrsf11g899glmzb17kqkdj-python3.12-poetry-plugin-export-1.9.0-dist"
            }
          ],
          "store_path": "/nix/store/m8agg7cby26c7nm5ialsffqc997xl874-python3.12-poetry-plugin-export-1.9.0"
        },
        "x86_64-darwin": {
          "outputs": [
            {
              "name": "out",
              "path": "/nix/store/96as43mjdl427ml6b8dsivk8xg58n787-python3.12-poetry-plugin-export-1.9.0",
              "default": true
            },
            {
              "name": "dist",
              "path": "/nix/store/xbjy1cm426zm6vyp4gnhqry92q5dnvjz-python3.12-poetry-plugin-export-1.9.0-dist"
            }
          ],
          "store_path": "/nix/store/96as43mjdl427ml6b8dsivk8xg58n787-python3.12-poetry-plugin-export-1.9.0"
        },
        "x86_64-linux": {
          "outputs": [
            {
              "name": "out",
              "path": "/nix/store/34rqya95jvh71lkx985z5mizdn78q81b-python3.12-poetry-plugin-export-1.9.0",
              "default": true
            },
            {
              "name": "dist",
              "path": "/nix/store/n8jinkyhbnaww2vmq2sb84z4njvcvay5-python3.12-poetry-plugin-export-1.9.0-dist"
            }
          ],
          "store_path": "/nix/store/34rqya95jvh71lkx985z5mizdn78q81b-python3.12-poetry-plugin-export-1.9.0"
        }
      }
    },
    "python@latest": {
      "last_modified": "2025-05-06T08:06:31Z",
      "plugin_version": "0.0.4",
      "resolved": "github:NixOS/nixpkgs/1cb1c02a6b1b7cf67e3d7731cbbf327a53da9679#python313",
      "source": "devbox-search",
      "version": "3.13.3",
      "systems": {
        "aarch64-linux": {
          "outputs": [
            {
              "name": "out",
              "path": "/nix/store/lay2ax4czpnh2rb38l1z7gm0mh1cidac-python3-3.13.3",
              "default": true
            },
            {
              "name": "debug",
              "path": "/nix/store/fy6alcbq7vypldhw13m3sgczby5ipdh4-python3-3.13.3-debug"
            }
          ],
          "store_path": "/nix/store/lay2ax4czpnh2rb38l1z7gm0mh1cidac-python3-3.13.3"
        },
        "x86_64-linux": {
          "outputs": [
            {
              "name": "out",
              "path": "/nix/store/aicda9v5hprnbik4rwi4ajfv4ab0r5hk-python3-3.13.3",
              "default": true
            },
            {
              "name": "debug",
              "path": "/nix/store/p39bw5qljcd4jq2p262s58sf54dbxhxr-python3-3.13.3-debug"
            }
          ],
          "store_path": "/nix/store/aicda9v5hprnbik4rwi4ajfv4ab0r5hk-python3-3.13.3"
        }
      }
    }
  }
}
